
Microsoft Visual Studio Solution File, Format Version 12.00
# Visual Studio Version 16
VisualStudioVersion = 16.0.30503.244
MinimumVisualStudioVersion = 10.0.40219.1
Project("{FAE04EC0-301F-11D3-BF4B-00C04F79EFBC}") = "Chat_multi", "Chat_multi\Chat_multi.csproj", "{1C24ECA4-E360-422B-B467-01E4A5AEAB1A}"
EndProject
Global
	GlobalSection(SolutionConfigurationPlatforms) = preSolution
		Debug|Any CPU = Debug|Any CPU
		Release|Any CPU = Release|Any CPU
	EndGlobalSection
	GlobalSection(ProjectConfigurationPlatforms) = postSolution
		{1C24ECA4-E360-422B-B467-01E4A5AEAB1A}.Debug|Any CPU.ActiveCfg = Debug|Any CPU
		{1C24ECA4-E360-422B-B467-01E4A5AEAB1A}.Debug|Any CPU.Build.0 = Debug|Any CPU
		{1C24ECA4-E360-422B-B467-01E4A5AEAB1A}.Release|Any CPU.ActiveCfg = Release|Any CPU
		{1C24ECA4-E360-422B-B467-01E4A5AEAB1A}.Release|Any CPU.Build.0 = Release|Any CPU
	EndGlobalSection
	GlobalSection(SolutionProperties) = preSolution
		HideSolutionNode = FALSE
	EndGlobalSection
	GlobalSection(ExtensibilityGlobals) = postSolution
		SolutionGuid = {7F649C82-CEC8-4098-85AB-9B8E98CA6D78}
	EndGlobalSection
EndGlobal
